
Microsoft Visual Studio Solution File, Format Version 12.00
# Visual Studio 15
VisualStudioVersion = 15.0.28307.102
MinimumVisualStudioVersion = 10.0.40219.1
Project("{FAE04EC0-301F-11D3-BF4B-00C04F79EFBC}") = "ADO.NET", "ADO.NET\ADO.NET.csproj", "{4609F216-91F8-487F-8617-E6468E1152CB}"
EndProject
Global
	GlobalSection(SolutionConfigurationPlatforms) = preSolution
		Debug|Any CPU = Debug|Any CPU
		Release|Any CPU = Release|Any CPU
	EndGlobalSection
	GlobalSection(ProjectConfigurationPlatforms) = postSolution
		{4609F216-91F8-487F-8617-E6468E1152CB}.Debug|Any CPU.ActiveCfg = Debug|Any CPU
		{4609F216-91F8-487F-8617-E6468E1152CB}.Debug|Any CPU.Build.0 = Debug|Any CPU
		{4609F216-91F8-487F-8617-E6468E1152CB}.Release|Any CPU.ActiveCfg = Release|Any CPU
		{4609F216-91F8-487F-8617-E6468E1152CB}.Release|Any CPU.Build.0 = Release|Any CPU
	EndGlobalSection
	GlobalSection(SolutionProperties) = preSolution
		HideSolutionNode = FALSE
	EndGlobalSection
	GlobalSection(ExtensibilityGlobals) = postSolution
		SolutionGuid = {FA0C0AA5-B860-427B-8B6D-15919319517C}
	EndGlobalSection
EndGlobal
